
Microsoft Visual Studio Solution File, Format Version 12.00
Project("{2150E333-8FDC-42A3-9474-1A3956D46DE8}") = "Domain", "Domain", "{FCAB7E3B-DE26-478B-BD75-A70A948F43E5}"
EndProject
Project("{2150E333-8FDC-42A3-9474-1A3956D46DE8}") = "Application", "Application", "{7F5D5975-218D-4C2E-AFD7-454360C2B9A7}"
EndProject
Project("{2150E333-8FDC-42A3-9474-1A3956D46DE8}") = "Infrastructure", "Infrastructure", "{A7EDAAF2-A985-463A-9C7B-4D33083E20E4}"
EndProject
Project("{2150E333-8FDC-42A3-9474-1A3956D46DE8}") = "WebAPI", "WebAPI", "{0142E104-AC62-4A24-92D1-2BFBA88FC16B}"
EndProject
Project("{FAE04EC0-301F-11D3-BF4B-00C04F79EFBC}") = "InterSim.Domain", "InterSim.Domain\InterSim.Domain.csproj", "{A07CF7C0-DEE2-4DDF-8E96-F0A679E76118}"
EndProject
Project("{FAE04EC0-301F-11D3-BF4B-00C04F79EFBC}") = "InterSim.Application", "InterSim.Application\InterSim.Application.csproj", "{4552C5E0-23CD-4DE9-B81E-AD99CE07F363}"
EndProject
Project("{FAE04EC0-301F-11D3-BF4B-00C04F79EFBC}") = "InterSim.Infrastructure", "InterSim.Infrastructure\InterSim.Infrastructure.csproj", "{54DAE460-E49E-4F5D-8040-E1628C03AFDC}"
EndProject
Project("{FAE04EC0-301F-11D3-BF4B-00C04F79EFBC}") = "InterSim.Api", "InterSim.Api\InterSim.Api.csproj", "{7073E567-49AC-4898-9696-D0EAD62C546B}"
EndProject
Project("{FAE04EC0-301F-11D3-BF4B-00C04F79EFBC}") = "InterSim.Tests", "InterSim.Tests\InterSim.Tests.csproj", "{B2120ED6-3B84-44C7-8A46-35E255DDC24E}"
EndProject
Global
	GlobalSection(SolutionConfigurationPlatforms) = preSolution
		Debug|Any CPU = Debug|Any CPU
		Debug|x64 = Debug|x64
		Debug|x86 = Debug|x86
		Release|Any CPU = Release|Any CPU
		Release|x64 = Release|x64
		Release|x86 = Release|x86
	EndGlobalSection
	GlobalSection(ProjectConfigurationPlatforms) = postSolution
		{A07CF7C0-DEE2-4DDF-8E96-F0A679E76118}.Debug|Any CPU.ActiveCfg = Debug|Any CPU
		{A07CF7C0-DEE2-4DDF-8E96-F0A679E76118}.Debug|Any CPU.Build.0 = Debug|Any CPU
		{A07CF7C0-DEE2-4DDF-8E96-F0A679E76118}.Debug|x64.ActiveCfg = Debug|Any CPU
		{A07CF7C0-DEE2-4DDF-8E96-F0A679E76118}.Debug|x64.Build.0 = Debug|Any CPU
		{A07CF7C0-DEE2-4DDF-8E96-F0A679E76118}.Debug|x86.ActiveCfg = Debug|Any CPU
		{A07CF7C0-DEE2-4DDF-8E96-F0A679E76118}.Debug|x86.Build.0 = Debug|Any CPU
		{A07CF7C0-DEE2-4DDF-8E96-F0A679E76118}.Release|Any CPU.ActiveCfg = Release|Any CPU
		{A07CF7C0-DEE2-4DDF-8E96-F0A679E76118}.Release|Any CPU.Build.0 = Release|Any CPU
		{A07CF7C0-DEE2-4DDF-8E96-F0A679E76118}.Release|x64.ActiveCfg = Release|Any CPU
		{A07CF7C0-DEE2-4DDF-8E96-F0A679E76118}.Release|x64.Build.0 = Release|Any CPU
		{A07CF7C0-DEE2-4DDF-8E96-F0A679E76118}.Release|x86.ActiveCfg = Release|Any CPU
		{A07CF7C0-DEE2-4DDF-8E96-F0A679E76118}.Release|x86.Build.0 = Release|Any CPU
		{4552C5E0-23CD-4DE9-B81E-AD99CE07F363}.Debug|Any CPU.ActiveCfg = Debug|Any CPU
		{4552C5E0-23CD-4DE9-B81E-AD99CE07F363}.Debug|Any CPU.Build.0 = Debug|Any CPU
		{4552C5E0-23CD-4DE9-B81E-AD99CE07F363}.Debug|x64.ActiveCfg = Debug|Any CPU
		{4552C5E0-23CD-4DE9-B81E-AD99CE07F363}.Debug|x64.Build.0 = Debug|Any CPU
		{4552C5E0-23CD-4DE9-B81E-AD99CE07F363}.Debug|x86.ActiveCfg = Debug|Any CPU
		{4552C5E0-23CD-4DE9-B81E-AD99CE07F363}.Debug|x86.Build.0 = Debug|Any CPU
		{4552C5E0-23CD-4DE9-B81E-AD99CE07F363}.Release|Any CPU.ActiveCfg = Release|Any CPU
		{4552C5E0-23CD-4DE9-B81E-AD99CE07F363}.Release|Any CPU.Build.0 = Release|Any CPU
		{4552C5E0-23CD-4DE9-B81E-AD99CE07F363}.Release|x64.ActiveCfg = Release|Any CPU
		{4552C5E0-23CD-4DE9-B81E-AD99CE07F363}.Release|x64.Build.0 = Release|Any CPU
		{4552C5E0-23CD-4DE9-B81E-AD99CE07F363}.Release|x86.ActiveCfg = Release|Any CPU
		{4552C5E0-23CD-4DE9-B81E-AD99CE07F363}.Release|x86.Build.0 = Release|Any CPU
		{54DAE460-E49E-4F5D-8040-E1628C03AFDC}.Debug|Any CPU.ActiveCfg = Debug|Any CPU
		{54DAE460-E49E-4F5D-8040-E1628C03AFDC}.Debug|Any CPU.Build.0 = Debug|Any CPU
		{54DAE460-E49E-4F5D-8040-E1628C03AFDC}.Debug|x64.ActiveCfg = Debug|Any CPU
		{54DAE460-E49E-4F5D-8040-E1628C03AFDC}.Debug|x64.Build.0 = Debug|Any CPU
		{54DAE460-E49E-4F5D-8040-E1628C03AFDC}.Debug|x86.ActiveCfg = Debug|Any CPU
		{54DAE460-E49E-4F5D-8040-E1628C03AFDC}.Debug|x86.Build.0 = Debug|Any CPU
		{54DAE460-E49E-4F5D-8040-E1628C03AFDC}.Release|Any CPU.ActiveCfg = Release|Any CPU
		{54DAE460-E49E-4F5D-8040-E1628C03AFDC}.Release|Any CPU.Build.0 = Release|Any CPU
		{54DAE460-E49E-4F5D-8040-E1628C03AFDC}.Release|x64.ActiveCfg = Release|Any CPU
		{54DAE460-E49E-4F5D-8040-E1628C03AFDC}.Release|x64.Build.0 = Release|Any CPU
		{54DAE460-E49E-4F5D-8040-E1628C03AFDC}.Release|x86.ActiveCfg = Release|Any CPU
		{54DAE460-E49E-4F5D-8040-E1628C03AFDC}.Release|x86.Build.0 = Release|Any CPU
		{7073E567-49AC-4898-9696-D0EAD62C546B}.Debug|Any CPU.ActiveCfg = Debug|Any CPU
		{7073E567-49AC-4898-9696-D0EAD62C546B}.Debug|Any CPU.Build.0 = Debug|Any CPU
		{7073E567-49AC-4898-9696-D0EAD62C546B}.Debug|x64.ActiveCfg = Debug|Any CPU
		{7073E567-49AC-4898-9696-D0EAD62C546B}.Debug|x64.Build.0 = Debug|Any CPU
		{7073E567-49AC-4898-9696-D0EAD62C546B}.Debug|x86.ActiveCfg = Debug|Any CPU
		{7073E567-49AC-4898-9696-D0EAD62C546B}.Debug|x86.Build.0 = Debug|Any CPU
		{7073E567-49AC-4898-9696-D0EAD62C546B}.Release|Any CPU.ActiveCfg = Release|Any CPU
		{7073E567-49AC-4898-9696-D0EAD62C546B}.Release|Any CPU.Build.0 = Release|Any CPU
		{7073E567-49AC-4898-9696-D0EAD62C546B}.Release|x64.ActiveCfg = Release|Any CPU
		{7073E567-49AC-4898-9696-D0EAD62C546B}.Release|x64.Build.0 = Release|Any CPU
		{7073E567-49AC-4898-9696-D0EAD62C546B}.Release|x86.ActiveCfg = Release|Any CPU
		{7073E567-49AC-4898-9696-D0EAD62C546B}.Release|x86.Build.0 = Release|Any CPU
		{B2120ED6-3B84-44C7-8A46-35E255DDC24E}.Debug|Any CPU.ActiveCfg = Debug|Any CPU
		{B2120ED6-3B84-44C7-8A46-35E255DDC24E}.Debug|Any CPU.Build.0 = Debug|Any CPU
		{B2120ED6-3B84-44C7-8A46-35E255DDC24E}.Debug|x64.ActiveCfg = Debug|Any CPU
		{B2120ED6-3B84-44C7-8A46-35E255DDC24E}.Debug|x64.Build.0 = Debug|Any CPU
		{B2120ED6-3B84-44C7-8A46-35E255DDC24E}.Debug|x86.ActiveCfg = Debug|Any CPU
		{B2120ED6-3B84-44C7-8A46-35E255DDC24E}.Debug|x86.Build.0 = Debug|Any CPU
		{B2120ED6-3B84-44C7-8A46-35E255DDC24E}.Release|Any CPU.ActiveCfg = Release|Any CPU
		{B2120ED6-3B84-44C7-8A46-35E255DDC24E}.Release|Any CPU.Build.0 = Release|Any CPU
		{B2120ED6-3B84-44C7-8A46-35E255DDC24E}.Release|x64.ActiveCfg = Release|Any CPU
		{B2120ED6-3B84-44C7-8A46-35E255DDC24E}.Release|x64.Build.0 = Release|Any CPU
		{B2120ED6-3B84-44C7-8A46-35E255DDC24E}.Release|x86.ActiveCfg = Release|Any CPU
		{B2120ED6-3B84-44C7-8A46-35E255DDC24E}.Release|x86.Build.0 = Release|Any CPU
	EndGlobalSection
	GlobalSection(SolutionProperties) = preSolution
		HideSolutionNode = FALSE
	EndGlobalSection
	GlobalSection(NestedProjects) = preSolution
		{A07CF7C0-DEE2-4DDF-8E96-F0A679E76118} = {FCAB7E3B-DE26-478B-BD75-A70A948F43E5}
		{4552C5E0-23CD-4DE9-B81E-AD99CE07F363} = {7F5D5975-218D-4C2E-AFD7-454360C2B9A7}
		{54DAE460-E49E-4F5D-8040-E1628C03AFDC} = {A7EDAAF2-A985-463A-9C7B-4D33083E20E4}
		{7073E567-49AC-4898-9696-D0EAD62C546B} = {0142E104-AC62-4A24-92D1-2BFBA88FC16B}
	EndGlobalSection
EndGlobal
